
Microsoft Visual Studio Solution File, Format Version 12.00
# Visual Studio 15
Project("{FAE04EC0-301F-11D3-BF4B-00C04F79EFBC}") = "Assembly-CSharp-Editor", "Assembly-CSharp-Editor.csproj", "{E7ACECB3-E25C-9CB1-2CC6-C909DFB8B610}"
EndProject
Project("{FAE04EC0-301F-11D3-BF4B-00C04F79EFBC}") = "Assembly-CSharp", "Assembly-CSharp.csproj", "{F1BFE861-689B-4456-8688-FC8BF6C1A0FF}"
EndProject
Global
	GlobalSection(SolutionConfigurationPlatforms) = preSolution
		Debug|Any CPU = Debug|Any CPU
		Release|Any CPU = Release|Any CPU
	EndGlobalSection
	GlobalSection(ProjectConfigurationPlatforms) = postSolution
		{E7ACECB3-E25C-9CB1-2CC6-C909DFB8B610}.Debug|Any CPU.ActiveCfg = Debug|Any CPU
		{E7ACECB3-E25C-9CB1-2CC6-C909DFB8B610}.Debug|Any CPU.Build.0 = Debug|Any CPU
		{E7ACECB3-E25C-9CB1-2CC6-C909DFB8B610}.Release|Any CPU.ActiveCfg = Release|Any CPU
		{E7ACECB3-E25C-9CB1-2CC6-C909DFB8B610}.Release|Any CPU.Build.0 = Release|Any CPU
		{F1BFE861-689B-4456-8688-FC8BF6C1A0FF}.Debug|Any CPU.ActiveCfg = Debug|Any CPU
		{F1BFE861-689B-4456-8688-FC8BF6C1A0FF}.Debug|Any CPU.Build.0 = Debug|Any CPU
		{F1BFE861-689B-4456-8688-FC8BF6C1A0FF}.Release|Any CPU.ActiveCfg = Release|Any CPU
		{F1BFE861-689B-4456-8688-FC8BF6C1A0FF}.Release|Any CPU.Build.0 = Release|Any CPU
	EndGlobalSection
	GlobalSection(SolutionProperties) = preSolution
		HideSolutionNode = FALSE
	EndGlobalSection
EndGlobal
