
Microsoft Visual Studio Solution File, Format Version 12.00
# Visual Studio Version 17
VisualStudioVersion = 17.14.36414.22 d17.14
MinimumVisualStudioVersion = 10.0.40219.1
Project("{8BC9CEB8-8B4A-11D0-8D11-00A0C91BC942}") = "GestordeSuspesos", "GestordeSuspesos\GestordeSuspesos.vcxproj", "{820AE70F-0618-423A-A65E-5B4F46B5CEA5}"
EndProject
Global
	GlobalSection(SolutionConfigurationPlatforms) = preSolution
		Debug|x64 = Debug|x64
		Debug|x86 = Debug|x86
		Release|x64 = Release|x64
		Release|x86 = Release|x86
	EndGlobalSection
	GlobalSection(ProjectConfigurationPlatforms) = postSolution
		{820AE70F-0618-423A-A65E-5B4F46B5CEA5}.Debug|x64.ActiveCfg = Debug|x64
		{820AE70F-0618-423A-A65E-5B4F46B5CEA5}.Debug|x64.Build.0 = Debug|x64
		{820AE70F-0618-423A-A65E-5B4F46B5CEA5}.Debug|x86.ActiveCfg = Debug|Win32
		{820AE70F-0618-423A-A65E-5B4F46B5CEA5}.Debug|x86.Build.0 = Debug|Win32
		{820AE70F-0618-423A-A65E-5B4F46B5CEA5}.Release|x64.ActiveCfg = Release|x64
		{820AE70F-0618-423A-A65E-5B4F46B5CEA5}.Release|x64.Build.0 = Release|x64
		{820AE70F-0618-423A-A65E-5B4F46B5CEA5}.Release|x86.ActiveCfg = Release|Win32
		{820AE70F-0618-423A-A65E-5B4F46B5CEA5}.Release|x86.Build.0 = Release|Win32
	EndGlobalSection
	GlobalSection(SolutionProperties) = preSolution
		HideSolutionNode = FALSE
	EndGlobalSection
	GlobalSection(ExtensibilityGlobals) = postSolution
		SolutionGuid = {4B309448-E353-4357-9D9B-A54AB59818B8}
	EndGlobalSection
EndGlobal
